<Solution>
  <Folder Name="/src/">
    <Project Path="src/FlareSync.Cli/FlareSync.Cli.csproj" />
    <Project Path="src/FlareSync.Core/FlareSync.Core.csproj" />
    <Project Path="src/FlareSync.Providers.Cloudflare/FlareSync.Providers.Cloudflare.csproj" />
  </Folder>
  <Folder Name="/tests/">
    <Project Path="tests/FlareSync.Tests/FlareSync.Tests.csproj" />
  </Folder>
</Solution>
